// !$*UTF8*$!
{
	archiveVersion = 1;
	classes = {
	};
	objectVersion = 55;
	objects = {

/* Begin PBXBuildFile section */
		171585AD28AE3E890051DF1C /* Constants.swift in Sources */ = {isa = PBXBuildFile; fileRef = 171585AC28AE3E890051DF1C /* Constants.swift */; };
		17EE21E228ADEBE0007077A7 /* AppDelegate.swift in Sources */ = {isa = PBXBuildFile; fileRef = 17EE21E128ADEBE0007077A7 /* AppDelegate.swift */; };
		17EE21E428ADEBE0007077A7 /* SceneDelegate.swift in Sources */ = {isa = PBXBuildFile; fileRef = 17EE21E328ADEBE0007077A7 /* SceneDelegate.swift */; };
		17EE21E628ADEBE0007077A7 /* WellcomeViewController.swift in Sources */ = {isa = PBXBuildFile; fileRef = 17EE21E528ADEBE0007077A7 /* WellcomeViewController.swift */; };
		17EE21EB28ADEBE1007077A7 /* Assets.xcassets in Resources */ = {isa = PBXBuildFile; fileRef = 17EE21EA28ADEBE1007077A7 /* Assets.xcassets */; };
		17EE21EE28ADEBE1007077A7 /* LaunchScreen.storyboard in Resources */ = {isa = PBXBuildFile; fileRef = 17EE21EC28ADEBE1007077A7 /* LaunchScreen.storyboard */; };
		17EE21F628ADF462007077A7 /* ChooseNumberViewController.swift in Sources */ = {isa = PBXBuildFile; fileRef = 17EE21F528ADF462007077A7 /* ChooseNumberViewController.swift */; };
		17EE21F828ADF7DA007077A7 /* UtilityExtensions.swift in Sources */ = {isa = PBXBuildFile; fileRef = 17EE21F728ADF7DA007077A7 /* UtilityExtensions.swift */; };
		17EE21FA28AE2286007077A7 /* ComputerGuessViewController.swift in Sources */ = {isa = PBXBuildFile; fileRef = 17EE21F928AE2286007077A7 /* ComputerGuessViewController.swift */; };
		17EE21FC28AE291D007077A7 /* ComparisonButton.swift in Sources */ = {isa = PBXBuildFile; fileRef = 17EE21FB28AE291D007077A7 /* ComparisonButton.swift */; };
		17EE21FF28AE314A007077A7 /* UserGuessViewController.swift in Sources */ = {isa = PBXBuildFile; fileRef = 17EE21FE28AE314A007077A7 /* UserGuessViewController.swift */; };
/* End PBXBuildFile section */

/* Begin PBXFileReference section */
		171585AC28AE3E890051DF1C /* Constants.swift */ = {isa = PBXFileReference; lastKnownFileType = sourcecode.swift; path = Constants.swift; sourceTree = "<group>"; };
		17EE21DE28ADEBE0007077A7 /* GuessTheNumber.app */ = {isa = PBXFileReference; explicitFileType = wrapper.application; includeInIndex = 0; path = GuessTheNumber.app; sourceTree = BUILT_PRODUCTS_DIR; };
		17EE21E128ADEBE0007077A7 /* AppDelegate.swift */ = {isa = PBXFileReference; lastKnownFileType = sourcecode.swift; path = AppDelegate.swift; sourceTree = "<group>"; };
		17EE21E328ADEBE0007077A7 /* SceneDelegate.swift */ = {isa = PBXFileReference; lastKnownFileType = sourcecode.swift; path = SceneDelegate.swift; sourceTree = "<group>"; };
		17EE21E528ADEBE0007077A7 /* WellcomeViewController.swift */ = {isa = PBXFileReference; lastKnownFileType = sourcecode.swift; path = WellcomeViewController.swift; sourceTree = "<group>"; };
		17EE21EA28ADEBE1007077A7 /* Assets.xcassets */ = {isa = PBXFileReference; lastKnownFileType = folder.assetcatalog; path = Assets.xcassets; sourceTree = "<group>"; };
		17EE21ED28ADEBE1007077A7 /* Base */ = {isa = PBXFileReference; lastKnownFileType = file.storyboard; name = Base; path = Base.lproj/LaunchScreen.storyboard; sourceTree = "<group>"; };
		17EE21EF28ADEBE1007077A7 /* Info.plist */ = {isa = PBXFileReference; lastKnownFileType = text.plist.xml; path = Info.plist; sourceTree = "<group>"; };
		17EE21F528ADF462007077A7 /* ChooseNumberViewController.swift */ = {isa = PBXFileReference; lastKnownFileType = sourcecode.swift; path = ChooseNumberViewController.swift; sourceTree = "<group>"; };
		17EE21F728ADF7DA007077A7 /* UtilityExtensions.swift */ = {isa = PBXFileReference; lastKnownFileType = sourcecode.swift; path = UtilityExtensions.swift; sourceTree = "<group>"; };
		17EE21F928AE2286007077A7 /* ComputerGuessViewController.swift */ = {isa = PBXFileReference; lastKnownFileType = sourcecode.swift; path = ComputerGuessViewController.swift; sourceTree = "<group>"; };
		17EE21FB28AE291D007077A7 /* ComparisonButton.swift */ = {isa = PBXFileReference; lastKnownFileType = sourcecode.swift; path = ComparisonButton.swift; sourceTree = "<group>"; };
		17EE21FE28AE314A007077A7 /* UserGuessViewController.swift */ = {isa = PBXFileReference; lastKnownFileType = sourcecode.swift; path = UserGuessViewController.swift; sourceTree = "<group>"; };
/* End PBXFileReference section */

/* Begin PBXFrameworksBuildPhase section */
		17EE21DB28ADEBE0007077A7 /* Frameworks */ = {
			isa = PBXFrameworksBuildPhase;
			buildActionMask = 2147483647;
			files = (
			);
			runOnlyForDeploymentPostprocessing = 0;
		};
/* End PBXFrameworksBuildPhase section */

/* Begin PBXGroup section */
		17EE21D528ADEBE0007077A7 = {
			isa = PBXGroup;
			children = (
				17EE21E028ADEBE0007077A7 /* GuessTheNumber */,
				17EE21DF28ADEBE0007077A7 /* Products */,
			);
			sourceTree = "<group>";
		};
		17EE21DF28ADEBE0007077A7 /* Products */ = {
			isa = PBXGroup;
			children = (
				17EE21DE28ADEBE0007077A7 /* GuessTheNumber.app */,
			);
			name = Products;
			sourceTree = "<group>";
		};
		17EE21E028ADEBE0007077A7 /* GuessTheNumber */ = {
			isa = PBXGroup;
			children = (
				17EE21E128ADEBE0007077A7 /* AppDelegate.swift */,
				17EE21E328ADEBE0007077A7 /* SceneDelegate.swift */,
				17EE21FB28AE291D007077A7 /* ComparisonButton.swift */,
				17EE21F728ADF7DA007077A7 /* UtilityExtensions.swift */,
				171585AC28AE3E890051DF1C /* Constants.swift */,
				17EE21FD28AE3011007077A7 /* ViewControllers */,
				17EE21EA28ADEBE1007077A7 /* Assets.xcassets */,
				17EE21EC28ADEBE1007077A7 /* LaunchScreen.storyboard */,
				17EE21EF28ADEBE1007077A7 /* Info.plist */,
			);
			path = GuessTheNumber;
			sourceTree = "<group>";
		};
		17EE21FD28AE3011007077A7 /* ViewControllers */ = {
			isa = PBXGroup;
			children = (
				17EE21E528ADEBE0007077A7 /* WellcomeViewController.swift */,
				17EE21F528ADF462007077A7 /* ChooseNumberViewController.swift */,
				17EE21F928AE2286007077A7 /* ComputerGuessViewController.swift */,
				17EE21FE28AE314A007077A7 /* UserGuessViewController.swift */,
			);
			path = ViewControllers;
			sourceTree = "<group>";
		};
/* End PBXGroup section */

/* Begin PBXNativeTarget section */
		17EE21DD28ADEBE0007077A7 /* GuessTheNumber */ = {
			isa = PBXNativeTarget;
			buildConfigurationList = 17EE21F228ADEBE1007077A7 /* Build configuration list for PBXNativeTarget "GuessTheNumber" */;
			buildPhases = (
				17EE21DA28ADEBE0007077A7 /* Sources */,
				17EE21DB28ADEBE0007077A7 /* Frameworks */,
				17EE21DC28ADEBE0007077A7 /* Resources */,
			);
			buildRules = (
			);
			dependencies = (
			);
			name = GuessTheNumber;
			productName = GuessTheNumber;
			productReference = 17EE21DE28ADEBE0007077A7 /* GuessTheNumber.app */;
			productType = "com.apple.product-type.application";
		};
/* End PBXNativeTarget section */

/* Begin PBXProject section */
		17EE21D628ADEBE0007077A7 /* Project object */ = {
			isa = PBXProject;
			attributes = {
				BuildIndependentTargetsInParallel = 1;
				LastSwiftUpdateCheck = 1340;
				LastUpgradeCheck = 1340;
				TargetAttributes = {
					17EE21DD28ADEBE0007077A7 = {
						CreatedOnToolsVersion = 13.4.1;
					};
				};
			};
			buildConfigurationList = 17EE21D928ADEBE0007077A7 /* Build configuration list for PBXProject "GuessTheNumber" */;
			compatibilityVersion = "Xcode 13.0";
			developmentRegion = en;
			hasScannedForEncodings = 0;
			knownRegions = (
				en,
				Base,
			);
			mainGroup = 17EE21D528ADEBE0007077A7;
			productRefGroup = 17EE21DF28ADEBE0007077A7 /* Products */;
			projectDirPath = "";
			projectRoot = "";
			targets = (
				17EE21DD28ADEBE0007077A7 /* GuessTheNumber */,
			);
		};
/* End PBXProject section */

/* Begin PBXResourcesBuildPhase section */
		17EE21DC28ADEBE0007077A7 /* Resources */ = {
			isa = PBXResourcesBuildPhase;
			buildActionMask = 2147483647;
			files = (
				17EE21EE28ADEBE1007077A7 /* LaunchScreen.storyboard in Resources */,
				17EE21EB28ADEBE1007077A7 /* Assets.xcassets in Resources */,
			);
			runOnlyForDeploymentPostprocessing = 0;
		};
/* End PBXResourcesBuildPhase section */

/* Begin PBXSourcesBuildPhase section */
		17EE21DA28ADEBE0007077A7 /* Sources */ = {
			isa = PBXSourcesBuildPhase;
			buildActionMask = 2147483647;
			files = (
				17EE21FC28AE291D007077A7 /* ComparisonButton.swift in Sources */,
				17EE21F628ADF462007077A7 /* ChooseNumberViewController.swift in Sources */,
				17EE21E628ADEBE0007077A7 /* WellcomeViewController.swift in Sources */,
				17EE21F828ADF7DA007077A7 /* UtilityExtensions.swift in Sources */,
				17EE21E228ADEBE0007077A7 /* AppDelegate.swift in Sources */,
				17EE21FF28AE314A007077A7 /* UserGuessViewController.swift in Sources */,
				17EE21FA28AE2286007077A7 /* ComputerGuessViewController.swift in Sources */,
				17EE21E428ADEBE0007077A7 /* SceneDelegate.swift in Sources */,
				171585AD28AE3E890051DF1C /* Constants.swift in Sources */,
			);
			runOnlyForDeploymentPostprocessing = 0;
		};
/* End PBXSourcesBuildPhase section */

/* Begin PBXVariantGroup section */
		17EE21EC28ADEBE1007077A7 /* LaunchScreen.storyboard */ = {
			isa = PBXVariantGroup;
			children = (
				17EE21ED28ADEBE1007077A7 /* Base */,
			);
			name = LaunchScreen.storyboard;
			sourceTree = "<group>";
		};
/* End PBXVariantGroup section */

/* Begin XCBuildConfiguration section */
		17EE21F028ADEBE1007077A7 /* Debug */ = {
			isa = XCBuildConfiguration;
			buildSettings = {
				ALWAYS_SEARCH_USER_PATHS = NO;
				CLANG_ANALYZER_NONNULL = YES;
				CLANG_ANALYZER_NUMBER_OBJECT_CONVERSION = YES_AGGRESSIVE;
				CLANG_CXX_LANGUAGE_STANDARD = "gnu++17";
				CLANG_ENABLE_MODULES = YES;
				CLANG_ENABLE_OBJC_ARC = YES;
				CLANG_ENABLE_OBJC_WEAK = YES;
				CLANG_WARN_BLOCK_CAPTURE_AUTORELEASING = YES;
				CLANG_WARN_BOOL_CONVERSION = YES;
				CLANG_WARN_COMMA = YES;
				CLANG_WARN_CONSTANT_CONVERSION = YES;
				CLANG_WARN_DEPRECATED_OBJC_IMPLEMENTATIONS = YES;
				CLANG_WARN_DIRECT_OBJC_ISA_USAGE = YES_ERROR;
				CLANG_WARN_DOCUMENTATION_COMMENTS = YES;
				CLANG_WARN_EMPTY_BODY = YES;
				CLANG_WARN_ENUM_CONVERSION = YES;
				CLANG_WARN_INFINITE_RECURSION = YES;
				CLANG_WARN_INT_CONVERSION = YES;
				CLANG_WARN_NON_LITERAL_NULL_CONVERSION = YES;
				CLANG_WARN_OBJC_IMPLICIT_RETAIN_SELF = YES;
				CLANG_WARN_OBJC_LITERAL_CONVERSION = YES;
				CLANG_WARN_OBJC_ROOT_CLASS = YES_ERROR;
				CLANG_WARN_QUOTED_INCLUDE_IN_FRAMEWORK_HEADER = YES;
				CLANG_WARN_RANGE_LOOP_ANALYSIS = YES;
				CLANG_WARN_STRICT_PROTOTYPES = YES;
				CLANG_WARN_SUSPICIOUS_MOVE = YES;
				CLANG_WARN_UNGUARDED_AVAILABILITY = YES_AGGRESSIVE;
				CLANG_WARN_UNREACHABLE_CODE = YES;
				CLANG_WARN__DUPLICATE_METHOD_MATCH = YES;
				COPY_PHASE_STRIP = NO;
				DEBUG_INFORMATION_FORMAT = dwarf;
				ENABLE_STRICT_OBJC_MSGSEND = YES;
				ENABLE_TESTABILITY = YES;
				GCC_C_LANGUAGE_STANDARD = gnu11;
				GCC_DYNAMIC_NO_PIC = NO;
				GCC_NO_COMMON_BLOCKS = YES;
				GCC_OPTIMIZATION_LEVEL = 0;
				GCC_PREPROCESSOR_DEFINITIONS = (
					"DEBUG=1",
					"$(inherited)",
				);
				GCC_WARN_64_TO_32_BIT_CONVERSION = YES;
				GCC_WARN_ABOUT_RETURN_TYPE = YES_ERROR;
				GCC_WARN_UNDECLARED_SELECTOR = YES;
				GCC_WARN_UNINITIALIZED_AUTOS = YES_AGGRESSIVE;
				GCC_WARN_UNUSED_FUNCTION = YES;
				GCC_WARN_UNUSED_VARIABLE = YES;
				IPHONEOS_DEPLOYMENT_TARGET = 13.0;
				MTL_ENABLE_DEBUG_INFO = INCLUDE_SOURCE;
				MTL_FAST_MATH = YES;
				ONLY_ACTIVE_ARCH = YES;
				SDKROOT = iphoneos;
				SWIFT_ACTIVE_COMPILATION_CONDITIONS = DEBUG;
				SWIFT_OPTIMIZATION_LEVEL = "-Onone";
			};
			name = Debug;
		};
		17EE21F128ADEBE1007077A7 /* Release */ = {
			isa = XCBuildConfiguration;
			buildSettings = {
				ALWAYS_SEARCH_USER_PATHS = NO;
				CLANG_ANALYZER_NONNULL = YES;
				CLANG_ANALYZER_NUMBER_OBJECT_CONVERSION = YES_AGGRESSIVE;
				CLANG_CXX_LANGUAGE_STANDARD = "gnu++17";
				CLANG_ENABLE_MODULES = YES;
				CLANG_ENABLE_OBJC_ARC = YES;
				CLANG_ENABLE_OBJC_WEAK = YES;
				CLANG_WARN_BLOCK_CAPTURE_AUTORELEASING = YES;
				CLANG_WARN_BOOL_CONVERSION = YES;
				CLANG_WARN_COMMA = YES;
				CLANG_WARN_CONSTANT_CONVERSION = YES;
				CLANG_WARN_DEPRECATED_OBJC_IMPLEMENTATIONS = YES;
				CLANG_WARN_DIRECT_OBJC_ISA_USAGE = YES_ERROR;
				CLANG_WARN_DOCUMENTATION_COMMENTS = YES;
				CLANG_WARN_EMPTY_BODY = YES;
				CLANG_WARN_ENUM_CONVERSION = YES;
				CLANG_WARN_INFINITE_RECURSION = YES;
				CLANG_WARN_INT_CONVERSION = YES;
				CLANG_WARN_NON_LITERAL_NULL_CONVERSION = YES;
				CLANG_WARN_OBJC_IMPLICIT_RETAIN_SELF = YES;
				CLANG_WARN_OBJC_LITERAL_CONVERSION = YES;
				CLANG_WARN_OBJC_ROOT_CLASS = YES_ERROR;
				CLANG_WARN_QUOTED_INCLUDE_IN_FRAMEWORK_HEADER = YES;
				CLANG_WARN_RANGE_LOOP_ANALYSIS = YES;
				CLANG_WARN_STRICT_PROTOTYPES = YES;
				CLANG_WARN_SUSPICIOUS_MOVE = YES;
				CLANG_WARN_UNGUARDED_AVAILABILITY = YES_AGGRESSIVE;
				CLANG_WARN_UNREACHABLE_CODE = YES;
				CLANG_WARN__DUPLICATE_METHOD_MATCH = YES;
				COPY_PHASE_STRIP = NO;
				DEBUG_INFORMATION_FORMAT = "dwarf-with-dsym";
				ENABLE_NS_ASSERTIONS = NO;
				ENABLE_STRICT_OBJC_MSGSEND = YES;
				GCC_C_LANGUAGE_STANDARD = gnu11;
				GCC_NO_COMMON_BLOCKS = YES;
				GCC_WARN_64_TO_32_BIT_CONVERSION = YES;
				GCC_WARN_ABOUT_RETURN_TYPE = YES_ERROR;
				GCC_WARN_UNDECLARED_SELECTOR = YES;
				GCC_WARN_UNINITIALIZED_AUTOS = YES_AGGRESSIVE;
				GCC_WARN_UNUSED_FUNCTION = YES;
				GCC_WARN_UNUSED_VARIABLE = YES;
				IPHONEOS_DEPLOYMENT_TARGET = 13.0;
				MTL_ENABLE_DEBUG_INFO = NO;
				MTL_FAST_MATH = YES;
				SDKROOT = iphoneos;
				SWIFT_COMPILATION_MODE = wholemodule;
				SWIFT_OPTIMIZATION_LEVEL = "-O";
				VALIDATE_PRODUCT = YES;
			};
			name = Release;
		};
		17EE21F328ADEBE1007077A7 /* Debug */ = {
			isa = XCBuildConfiguration;
			buildSettings = {
				ASSETCATALOG_COMPILER_APPICON_NAME = AppIcon;
				ASSETCATALOG_COMPILER_GLOBAL_ACCENT_COLOR_NAME = AccentColor;
				CODE_SIGN_STYLE = Automatic;
				CURRENT_PROJECT_VERSION = 1;
				DEVELOPMENT_TEAM = XY2J735A6H;
				GENERATE_INFOPLIST_FILE = YES;
				INFOPLIST_FILE = GuessTheNumber/Info.plist;
				INFOPLIST_KEY_UIApplicationSupportsIndirectInputEvents = YES;
				INFOPLIST_KEY_UILaunchStoryboardName = LaunchScreen;
				INFOPLIST_KEY_UISupportedInterfaceOrientations_iPad = "UIInterfaceOrientationPortrait UIInterfaceOrientationPortraitUpsideDown UIInterfaceOrientationLandscapeLeft UIInterfaceOrientationLandscapeRight";
				INFOPLIST_KEY_UISupportedInterfaceOrientations_iPhone = "UIInterfaceOrientationPortrait UIInterfaceOrientationLandscapeLeft UIInterfaceOrientationLandscapeRight";
				IPHONEOS_DEPLOYMENT_TARGET = 13.0;
				LD_RUNPATH_SEARCH_PATHS = (
					"$(inherited)",
					"@executable_path/Frameworks",
				);
				MARKETING_VERSION = 1.0;
				PRODUCT_BUNDLE_IDENTIFIER = TsaybelDev.GuessTheNumber;
				PRODUCT_NAME = "$(TARGET_NAME)";
				SWIFT_EMIT_LOC_STRINGS = YES;
				SWIFT_VERSION = 5.0;
				TARGETED_DEVICE_FAMILY = "1,2";
			};
			name = Debug;
		};
		17EE21F428ADEBE1007077A7 /* Release */ = {
			isa = XCBuildConfiguration;
			buildSettings = {
				ASSETCATALOG_COMPILER_APPICON_NAME = AppIcon;
				ASSETCATALOG_COMPILER_GLOBAL_ACCENT_COLOR_NAME = AccentColor;
				CODE_SIGN_STYLE = Automatic;
				CURRENT_PROJECT_VERSION = 1;
				DEVELOPMENT_TEAM = XY2J735A6H;
				GENERATE_INFOPLIST_FILE = YES;
				INFOPLIST_FILE = GuessTheNumber/Info.plist;
				INFOPLIST_KEY_UIApplicationSupportsIndirectInputEvents = YES;
				INFOPLIST_KEY_UILaunchStoryboardName = LaunchScreen;
				INFOPLIST_KEY_UISupportedInterfaceOrientations_iPad = "UIInterfaceOrientationPortrait UIInterfaceOrientationPortraitUpsideDown UIInterfaceOrientationLandscapeLeft UIInterfaceOrientationLandscapeRight";
				INFOPLIST_KEY_UISupportedInterfaceOrientations_iPhone = "UIInterfaceOrientationPortrait UIInterfaceOrientationLandscapeLeft UIInterfaceOrientationLandscapeRight";
				IPHONEOS_DEPLOYMENT_TARGET = 13.0;
				LD_RUNPATH_SEARCH_PATHS = (
					"$(inherited)",
					"@executable_path/Frameworks",
				);
				MARKETING_VERSION = 1.0;
				PRODUCT_BUNDLE_IDENTIFIER = TsaybelDev.GuessTheNumber;
				PRODUCT_NAME = "$(TARGET_NAME)";
				SWIFT_EMIT_LOC_STRINGS = YES;
				SWIFT_VERSION = 5.0;
				TARGETED_DEVICE_FAMILY = "1,2";
			};
			name = Release;
		};
/* End XCBuildConfiguration section */

/* Begin XCConfigurationList section */
		17EE21D928ADEBE0007077A7 /* Build configuration list for PBXProject "GuessTheNumber" */ = {
			isa = XCConfigurationList;
			buildConfigurations = (
				17EE21F028ADEBE1007077A7 /* Debug */,
				17EE21F128ADEBE1007077A7 /* Release */,
			);
			defaultConfigurationIsVisible = 0;
			defaultConfigurationName = Release;
		};
		17EE21F228ADEBE1007077A7 /* Build configuration list for PBXNativeTarget "GuessTheNumber" */ = {
			isa = XCConfigurationList;
			buildConfigurations = (
				17EE21F328ADEBE1007077A7 /* Debug */,
				17EE21F428ADEBE1007077A7 /* Release */,
			);
			defaultConfigurationIsVisible = 0;
			defaultConfigurationName = Release;
		};
/* End XCConfigurationList section */
	};
	rootObject = 17EE21D628ADEBE0007077A7 /* Project object */;
}
